
Microsoft Visual Studio Solution File, Format Version 12.00
# Visual Studio Version 16
VisualStudioVersion = 16.0.31702.278
MinimumVisualStudioVersion = 10.0.40219.1
Project("{FAE04EC0-301F-11D3-BF4B-00C04F79EFBC}") = "QuanLyBanVeChuyenBay", "QuanLyBanVeChuyenBay\QuanLyBanVeChuyenBay.csproj", "{E82E3114-F5FB-4286-9BAE-44341DD80320}"
EndProject
Global
	GlobalSection(SolutionConfigurationPlatforms) = preSolution
		Debug|Any CPU = Debug|Any CPU
		Release|Any CPU = Release|Any CPU
	EndGlobalSection
	GlobalSection(ProjectConfigurationPlatforms) = postSolution
		{E82E3114-F5FB-4286-9BAE-44341DD80320}.Debug|Any CPU.ActiveCfg = Debug|Any CPU
		{E82E3114-F5FB-4286-9BAE-44341DD80320}.Debug|Any CPU.Build.0 = Debug|Any CPU
		{E82E3114-F5FB-4286-9BAE-44341DD80320}.Release|Any CPU.ActiveCfg = Release|Any CPU
		{E82E3114-F5FB-4286-9BAE-44341DD80320}.Release|Any CPU.Build.0 = Release|Any CPU
	EndGlobalSection
	GlobalSection(SolutionProperties) = preSolution
		HideSolutionNode = FALSE
	EndGlobalSection
	GlobalSection(ExtensibilityGlobals) = postSolution
		SolutionGuid = {45916E7B-4DF7-4C3B-9C33-21E4F0764B41}
	EndGlobalSection
EndGlobal
